// !$*UTF8*$!
{
	archiveVersion = 1;
	classes = {
	};
	objectVersion = 50;
	objects = {

/* Begin PBXBuildFile section */
		BC82033D258EA18300458E6B /* ToolBarExampleApp.swift in Sources */ = {isa = PBXBuildFile; fileRef = BC82033C258EA18300458E6B /* ToolBarExampleApp.swift */; };
		BC82033F258EA18300458E6B /* ContentView.swift in Sources */ = {isa = PBXBuildFile; fileRef = BC82033E258EA18300458E6B /* ContentView.swift */; };
		BC820341258EA18400458E6B /* Assets.xcassets in Resources */ = {isa = PBXBuildFile; fileRef = BC820340258EA18400458E6B /* Assets.xcassets */; };
		BC820344258EA18400458E6B /* Preview Assets.xcassets in Resources */ = {isa = PBXBuildFile; fileRef = BC820343258EA18400458E6B /* Preview Assets.xcassets */; };
		BC82034F258EA18400458E6B /* ToolBarExampleTests.swift in Sources */ = {isa = PBXBuildFile; fileRef = BC82034E258EA18400458E6B /* ToolBarExampleTests.swift */; };
		BC82035A258EA18400458E6B /* ToolBarExampleUITests.swift in Sources */ = {isa = PBXBuildFile; fileRef = BC820359258EA18400458E6B /* ToolBarExampleUITests.swift */; };
/* End PBXBuildFile section */

/* Begin PBXContainerItemProxy section */
		BC82034B258EA18400458E6B /* PBXContainerItemProxy */ = {
			isa = PBXContainerItemProxy;
			containerPortal = BC820331258EA18200458E6B /* Project object */;
			proxyType = 1;
			remoteGlobalIDString = BC820338258EA18300458E6B;
			remoteInfo = ToolBarExample;
		};
		BC820356258EA18400458E6B /* PBXContainerItemProxy */ = {
			isa = PBXContainerItemProxy;
			containerPortal = BC820331258EA18200458E6B /* Project object */;
			proxyType = 1;
			remoteGlobalIDString = BC820338258EA18300458E6B;
			remoteInfo = ToolBarExample;
		};
/* End PBXContainerItemProxy section */

/* Begin PBXFileReference section */
		BC820339258EA18300458E6B /* ToolBarExample.app */ = {isa = PBXFileReference; explicitFileType = wrapper.application; includeInIndex = 0; path = ToolBarExample.app; sourceTree = BUILT_PRODUCTS_DIR; };
		BC82033C258EA18300458E6B /* ToolBarExampleApp.swift */ = {isa = PBXFileReference; lastKnownFileType = sourcecode.swift; path = ToolBarExampleApp.swift; sourceTree = "<group>"; };
		BC82033E258EA18300458E6B /* ContentView.swift */ = {isa = PBXFileReference; lastKnownFileType = sourcecode.swift; path = ContentView.swift; sourceTree = "<group>"; };
		BC820340258EA18400458E6B /* Assets.xcassets */ = {isa = PBXFileReference; lastKnownFileType = folder.assetcatalog; path = Assets.xcassets; sourceTree = "<group>"; };
		BC820343258EA18400458E6B /* Preview Assets.xcassets */ = {isa = PBXFileReference; lastKnownFileType = folder.assetcatalog; path = "Preview Assets.xcassets"; sourceTree = "<group>"; };
		BC820345258EA18400458E6B /* Info.plist */ = {isa = PBXFileReference; lastKnownFileType = text.plist.xml; path = Info.plist; sourceTree = "<group>"; };
		BC82034A258EA18400458E6B /* ToolBarExampleTests.xctest */ = {isa = PBXFileReference; explicitFileType = wrapper.cfbundle; includeInIndex = 0; path = ToolBarExampleTests.xctest; sourceTree = BUILT_PRODUCTS_DIR; };
		BC82034E258EA18400458E6B /* ToolBarExampleTests.swift */ = {isa = PBXFileReference; lastKnownFileType = sourcecode.swift; path = ToolBarExampleTests.swift; sourceTree = "<group>"; };
		BC820350258EA18400458E6B /* Info.plist */ = {isa = PBXFileReference; lastKnownFileType = text.plist.xml; path = Info.plist; sourceTree = "<group>"; };
		BC820355258EA18400458E6B /* ToolBarExampleUITests.xctest */ = {isa = PBXFileReference; explicitFileType = wrapper.cfbundle; includeInIndex = 0; path = ToolBarExampleUITests.xctest; sourceTree = BUILT_PRODUCTS_DIR; };
		BC820359258EA18400458E6B /* ToolBarExampleUITests.swift */ = {isa = PBXFileReference; lastKnownFileType = sourcecode.swift; path = ToolBarExampleUITests.swift; sourceTree = "<group>"; };
		BC82035B258EA18400458E6B /* Info.plist */ = {isa = PBXFileReference; lastKnownFileType = text.plist.xml; path = Info.plist; sourceTree = "<group>"; };
/* End PBXFileReference section */

/* Begin PBXFrameworksBuildPhase section */
		BC820336258EA18300458E6B /* Frameworks */ = {
			isa = PBXFrameworksBuildPhase;
			buildActionMask = 2147483647;
			files = (
			);
			runOnlyForDeploymentPostprocessing = 0;
		};
		BC820347258EA18400458E6B /* Frameworks */ = {
			isa = PBXFrameworksBuildPhase;
			buildActionMask = 2147483647;
			files = (
			);
			runOnlyForDeploymentPostprocessing = 0;
		};
		BC820352258EA18400458E6B /* Frameworks */ = {
			isa = PBXFrameworksBuildPhase;
			buildActionMask = 2147483647;
			files = (
			);
			runOnlyForDeploymentPostprocessing = 0;
		};
/* End PBXFrameworksBuildPhase section */

/* Begin PBXGroup section */
		BC820330258EA18200458E6B = {
			isa = PBXGroup;
			children = (
				BC82033B258EA18300458E6B /* ToolBarExample */,
				BC82034D258EA18400458E6B /* ToolBarExampleTests */,
				BC820358258EA18400458E6B /* ToolBarExampleUITests */,
				BC82033A258EA18300458E6B /* Products */,
			);
			sourceTree = "<group>";
		};
		BC82033A258EA18300458E6B /* Products */ = {
			isa = PBXGroup;
			children = (
				BC820339258EA18300458E6B /* ToolBarExample.app */,
				BC82034A258EA18400458E6B /* ToolBarExampleTests.xctest */,
				BC820355258EA18400458E6B /* ToolBarExampleUITests.xctest */,
			);
			name = Products;
			sourceTree = "<group>";
		};
		BC82033B258EA18300458E6B /* ToolBarExample */ = {
			isa = PBXGroup;
			children = (
				BC82033C258EA18300458E6B /* ToolBarExampleApp.swift */,
				BC82033E258EA18300458E6B /* ContentView.swift */,
				BC820340258EA18400458E6B /* Assets.xcassets */,
				BC820345258EA18400458E6B /* Info.plist */,
				BC820342258EA18400458E6B /* Preview Content */,
			);
			path = ToolBarExample;
			sourceTree = "<group>";
		};
		BC820342258EA18400458E6B /* Preview Content */ = {
			isa = PBXGroup;
			children = (
				BC820343258EA18400458E6B /* Preview Assets.xcassets */,
			);
			path = "Preview Content";
			sourceTree = "<group>";
		};
		BC82034D258EA18400458E6B /* ToolBarExampleTests */ = {
			isa = PBXGroup;
			children = (
				BC82034E258EA18400458E6B /* ToolBarExampleTests.swift */,
				BC820350258EA18400458E6B /* Info.plist */,
			);
			path = ToolBarExampleTests;
			sourceTree = "<group>";
		};
		BC820358258EA18400458E6B /* ToolBarExampleUITests */ = {
			isa = PBXGroup;
			children = (
				BC820359258EA18400458E6B /* ToolBarExampleUITests.swift */,
				BC82035B258EA18400458E6B /* Info.plist */,
			);
			path = ToolBarExampleUITests;
			sourceTree = "<group>";
		};
/* End PBXGroup section */

/* Begin PBXNativeTarget section */
		BC820338258EA18300458E6B /* ToolBarExample */ = {
			isa = PBXNativeTarget;
			buildConfigurationList = BC82035E258EA18400458E6B /* Build configuration list for PBXNativeTarget "ToolBarExample" */;
			buildPhases = (
				BC820335258EA18300458E6B /* Sources */,
				BC820336258EA18300458E6B /* Frameworks */,
				BC820337258EA18300458E6B /* Resources */,
			);
			buildRules = (
			);
			dependencies = (
			);
			name = ToolBarExample;
			productName = ToolBarExample;
			productReference = BC820339258EA18300458E6B /* ToolBarExample.app */;
			productType = "com.apple.product-type.application";
		};
		BC820349258EA18400458E6B /* ToolBarExampleTests */ = {
			isa = PBXNativeTarget;
			buildConfigurationList = BC820361258EA18400458E6B /* Build configuration list for PBXNativeTarget "ToolBarExampleTests" */;
			buildPhases = (
				BC820346258EA18400458E6B /* Sources */,
				BC820347258EA18400458E6B /* Frameworks */,
				BC820348258EA18400458E6B /* Resources */,
			);
			buildRules = (
			);
			dependencies = (
				BC82034C258EA18400458E6B /* PBXTargetDependency */,
			);
			name = ToolBarExampleTests;
			productName = ToolBarExampleTests;
			productReference = BC82034A258EA18400458E6B /* ToolBarExampleTests.xctest */;
			productType = "com.apple.product-type.bundle.unit-test";
		};
		BC820354258EA18400458E6B /* ToolBarExampleUITests */ = {
			isa = PBXNativeTarget;
			buildConfigurationList = BC820364258EA18400458E6B /* Build configuration list for PBXNativeTarget "ToolBarExampleUITests" */;
			buildPhases = (
				BC820351258EA18400458E6B /* Sources */,
				BC820352258EA18400458E6B /* Frameworks */,
				BC820353258EA18400458E6B /* Resources */,
			);
			buildRules = (
			);
			dependencies = (
				BC820357258EA18400458E6B /* PBXTargetDependency */,
			);
			name = ToolBarExampleUITests;
			productName = ToolBarExampleUITests;
			productReference = BC820355258EA18400458E6B /* ToolBarExampleUITests.xctest */;
			productType = "com.apple.product-type.bundle.ui-testing";
		};
/* End PBXNativeTarget section */

/* Begin PBXProject section */
		BC820331258EA18200458E6B /* Project object */ = {
			isa = PBXProject;
			attributes = {
				LastSwiftUpdateCheck = 1230;
				LastUpgradeCheck = 1230;
				TargetAttributes = {
					BC820338258EA18300458E6B = {
						CreatedOnToolsVersion = 12.3;
					};
					BC820349258EA18400458E6B = {
						CreatedOnToolsVersion = 12.3;
						TestTargetID = BC820338258EA18300458E6B;
					};
					BC820354258EA18400458E6B = {
						CreatedOnToolsVersion = 12.3;
						TestTargetID = BC820338258EA18300458E6B;
					};
				};
			};
			buildConfigurationList = BC820334258EA18200458E6B /* Build configuration list for PBXProject "ToolBarExample" */;
			compatibilityVersion = "Xcode 9.3";
			developmentRegion = en;
			hasScannedForEncodings = 0;
			knownRegions = (
				en,
				Base,
			);
			mainGroup = BC820330258EA18200458E6B;
			productRefGroup = BC82033A258EA18300458E6B /* Products */;
			projectDirPath = "";
			projectRoot = "";
			targets = (
				BC820338258EA18300458E6B /* ToolBarExample */,
				BC820349258EA18400458E6B /* ToolBarExampleTests */,
				BC820354258EA18400458E6B /* ToolBarExampleUITests */,
			);
		};
/* End PBXProject section */

/* Begin PBXResourcesBuildPhase section */
		BC820337258EA18300458E6B /* Resources */ = {
			isa = PBXResourcesBuildPhase;
			buildActionMask = 2147483647;
			files = (
				BC820344258EA18400458E6B /* Preview Assets.xcassets in Resources */,
				BC820341258EA18400458E6B /* Assets.xcassets in Resources */,
			);
			runOnlyForDeploymentPostprocessing = 0;
		};
		BC820348258EA18400458E6B /* Resources */ = {
			isa = PBXResourcesBuildPhase;
			buildActionMask = 2147483647;
			files = (
			);
			runOnlyForDeploymentPostprocessing = 0;
		};
		BC820353258EA18400458E6B /* Resources */ = {
			isa = PBXResourcesBuildPhase;
			buildActionMask = 2147483647;
			files = (
			);
			runOnlyForDeploymentPostprocessing = 0;
		};
/* End PBXResourcesBuildPhase section */

/* Begin PBXSourcesBuildPhase section */
		BC820335258EA18300458E6B /* Sources */ = {
			isa = PBXSourcesBuildPhase;
			buildActionMask = 2147483647;
			files = (
				BC82033F258EA18300458E6B /* ContentView.swift in Sources */,
				BC82033D258EA18300458E6B /* ToolBarExampleApp.swift in Sources */,
			);
			runOnlyForDeploymentPostprocessing = 0;
		};
		BC820346258EA18400458E6B /* Sources */ = {
			isa = PBXSourcesBuildPhase;
			buildActionMask = 2147483647;
			files = (
				BC82034F258EA18400458E6B /* ToolBarExampleTests.swift in Sources */,
			);
			runOnlyForDeploymentPostprocessing = 0;
		};
		BC820351258EA18400458E6B /* Sources */ = {
			isa = PBXSourcesBuildPhase;
			buildActionMask = 2147483647;
			files = (
				BC82035A258EA18400458E6B /* ToolBarExampleUITests.swift in Sources */,
			);
			runOnlyForDeploymentPostprocessing = 0;
		};
/* End PBXSourcesBuildPhase section */

/* Begin PBXTargetDependency section */
		BC82034C258EA18400458E6B /* PBXTargetDependency */ = {
			isa = PBXTargetDependency;
			target = BC820338258EA18300458E6B /* ToolBarExample */;
			targetProxy = BC82034B258EA18400458E6B /* PBXContainerItemProxy */;
		};
		BC820357258EA18400458E6B /* PBXTargetDependency */ = {
			isa = PBXTargetDependency;
			target = BC820338258EA18300458E6B /* ToolBarExample */;
			targetProxy = BC820356258EA18400458E6B /* PBXContainerItemProxy */;
		};
/* End PBXTargetDependency section */

/* Begin XCBuildConfiguration section */
		BC82035C258EA18400458E6B /* Debug */ = {
			isa = XCBuildConfiguration;
			buildSettings = {
				ALWAYS_SEARCH_USER_PATHS = NO;
				CLANG_ANALYZER_NONNULL = YES;
				CLANG_ANALYZER_NUMBER_OBJECT_CONVERSION = YES_AGGRESSIVE;
				CLANG_CXX_LANGUAGE_STANDARD = "gnu++14";
				CLANG_CXX_LIBRARY = "libc++";
				CLANG_ENABLE_MODULES = YES;
				CLANG_ENABLE_OBJC_ARC = YES;
				CLANG_ENABLE_OBJC_WEAK = YES;
				CLANG_WARN_BLOCK_CAPTURE_AUTORELEASING = YES;
				CLANG_WARN_BOOL_CONVERSION = YES;
				CLANG_WARN_COMMA = YES;
				CLANG_WARN_CONSTANT_CONVERSION = YES;
				CLANG_WARN_DEPRECATED_OBJC_IMPLEMENTATIONS = YES;
				CLANG_WARN_DIRECT_OBJC_ISA_USAGE = YES_ERROR;
				CLANG_WARN_DOCUMENTATION_COMMENTS = YES;
				CLANG_WARN_EMPTY_BODY = YES;
				CLANG_WARN_ENUM_CONVERSION = YES;
				CLANG_WARN_INFINITE_RECURSION = YES;
				CLANG_WARN_INT_CONVERSION = YES;
				CLANG_WARN_NON_LITERAL_NULL_CONVERSION = YES;
				CLANG_WARN_OBJC_IMPLICIT_RETAIN_SELF = YES;
				CLANG_WARN_OBJC_LITERAL_CONVERSION = YES;
				CLANG_WARN_OBJC_ROOT_CLASS = YES_ERROR;
				CLANG_WARN_QUOTED_INCLUDE_IN_FRAMEWORK_HEADER = YES;
				CLANG_WARN_RANGE_LOOP_ANALYSIS = YES;
				CLANG_WARN_STRICT_PROTOTYPES = YES;
				CLANG_WARN_SUSPICIOUS_MOVE = YES;
				CLANG_WARN_UNGUARDED_AVAILABILITY = YES_AGGRESSIVE;
				CLANG_WARN_UNREACHABLE_CODE = YES;
				CLANG_WARN__DUPLICATE_METHOD_MATCH = YES;
				COPY_PHASE_STRIP = NO;
				DEBUG_INFORMATION_FORMAT = dwarf;
				ENABLE_STRICT_OBJC_MSGSEND = YES;
				ENABLE_TESTABILITY = YES;
				GCC_C_LANGUAGE_STANDARD = gnu11;
				GCC_DYNAMIC_NO_PIC = NO;
				GCC_NO_COMMON_BLOCKS = YES;
				GCC_OPTIMIZATION_LEVEL = 0;
				GCC_PREPROCESSOR_DEFINITIONS = (
					"DEBUG=1",
					"$(inherited)",
				);
				GCC_WARN_64_TO_32_BIT_CONVERSION = YES;
				GCC_WARN_ABOUT_RETURN_TYPE = YES_ERROR;
				GCC_WARN_UNDECLARED_SELECTOR = YES;
				GCC_WARN_UNINITIALIZED_AUTOS = YES_AGGRESSIVE;
				GCC_WARN_UNUSED_FUNCTION = YES;
				GCC_WARN_UNUSED_VARIABLE = YES;
				IPHONEOS_DEPLOYMENT_TARGET = 14.3;
				MTL_ENABLE_DEBUG_INFO = INCLUDE_SOURCE;
				MTL_FAST_MATH = YES;
				ONLY_ACTIVE_ARCH = YES;
				SDKROOT = iphoneos;
				SWIFT_ACTIVE_COMPILATION_CONDITIONS = DEBUG;
				SWIFT_OPTIMIZATION_LEVEL = "-Onone";
			};
			name = Debug;
		};
		BC82035D258EA18400458E6B /* Release */ = {
			isa = XCBuildConfiguration;
			buildSettings = {
				ALWAYS_SEARCH_USER_PATHS = NO;
				CLANG_ANALYZER_NONNULL = YES;
				CLANG_ANALYZER_NUMBER_OBJECT_CONVERSION = YES_AGGRESSIVE;
				CLANG_CXX_LANGUAGE_STANDARD = "gnu++14";
				CLANG_CXX_LIBRARY = "libc++";
				CLANG_ENABLE_MODULES = YES;
				CLANG_ENABLE_OBJC_ARC = YES;
				CLANG_ENABLE_OBJC_WEAK = YES;
				CLANG_WARN_BLOCK_CAPTURE_AUTORELEASING = YES;
				CLANG_WARN_BOOL_CONVERSION = YES;
				CLANG_WARN_COMMA = YES;
				CLANG_WARN_CONSTANT_CONVERSION = YES;
				CLANG_WARN_DEPRECATED_OBJC_IMPLEMENTATIONS = YES;
				CLANG_WARN_DIRECT_OBJC_ISA_USAGE = YES_ERROR;
				CLANG_WARN_DOCUMENTATION_COMMENTS = YES;
				CLANG_WARN_EMPTY_BODY = YES;
				CLANG_WARN_ENUM_CONVERSION = YES;
				CLANG_WARN_INFINITE_RECURSION = YES;
				CLANG_WARN_INT_CONVERSION = YES;
				CLANG_WARN_NON_LITERAL_NULL_CONVERSION = YES;
				CLANG_WARN_OBJC_IMPLICIT_RETAIN_SELF = YES;
				CLANG_WARN_OBJC_LITERAL_CONVERSION = YES;
				CLANG_WARN_OBJC_ROOT_CLASS = YES_ERROR;
				CLANG_WARN_QUOTED_INCLUDE_IN_FRAMEWORK_HEADER = YES;
				CLANG_WARN_RANGE_LOOP_ANALYSIS = YES;
				CLANG_WARN_STRICT_PROTOTYPES = YES;
				CLANG_WARN_SUSPICIOUS_MOVE = YES;
				CLANG_WARN_UNGUARDED_AVAILABILITY = YES_AGGRESSIVE;
				CLANG_WARN_UNREACHABLE_CODE = YES;
				CLANG_WARN__DUPLICATE_METHOD_MATCH = YES;
				COPY_PHASE_STRIP = NO;
				DEBUG_INFORMATION_FORMAT = "dwarf-with-dsym";
				ENABLE_NS_ASSERTIONS = NO;
				ENABLE_STRICT_OBJC_MSGSEND = YES;
				GCC_C_LANGUAGE_STANDARD = gnu11;
				GCC_NO_COMMON_BLOCKS = YES;
				GCC_WARN_64_TO_32_BIT_CONVERSION = YES;
				GCC_WARN_ABOUT_RETURN_TYPE = YES_ERROR;
				GCC_WARN_UNDECLARED_SELECTOR = YES;
				GCC_WARN_UNINITIALIZED_AUTOS = YES_AGGRESSIVE;
				GCC_WARN_UNUSED_FUNCTION = YES;
				GCC_WARN_UNUSED_VARIABLE = YES;
				IPHONEOS_DEPLOYMENT_TARGET = 14.3;
				MTL_ENABLE_DEBUG_INFO = NO;
				MTL_FAST_MATH = YES;
				SDKROOT = iphoneos;
				SWIFT_COMPILATION_MODE = wholemodule;
				SWIFT_OPTIMIZATION_LEVEL = "-O";
				VALIDATE_PRODUCT = YES;
			};
			name = Release;
		};
		BC82035F258EA18400458E6B /* Debug */ = {
			isa = XCBuildConfiguration;
			buildSettings = {
				ASSETCATALOG_COMPILER_APPICON_NAME = AppIcon;
				ASSETCATALOG_COMPILER_GLOBAL_ACCENT_COLOR_NAME = AccentColor;
				CODE_SIGN_STYLE = Automatic;
				DEVELOPMENT_ASSET_PATHS = "\"ToolBarExample/Preview Content\"";
				ENABLE_PREVIEWS = YES;
				INFOPLIST_FILE = ToolBarExample/Info.plist;
				IPHONEOS_DEPLOYMENT_TARGET = 14.0;
				LD_RUNPATH_SEARCH_PATHS = (
					"$(inherited)",
					"@executable_path/Frameworks",
				);
				PRODUCT_BUNDLE_IDENTIFIER = Leadconsultant.ToolBarExample;
				PRODUCT_NAME = "$(TARGET_NAME)";
				SWIFT_VERSION = 5.0;
				TARGETED_DEVICE_FAMILY = "1,2";
			};
			name = Debug;
		};
		BC820360258EA18400458E6B /* Release */ = {
			isa = XCBuildConfiguration;
			buildSettings = {
				ASSETCATALOG_COMPILER_APPICON_NAME = AppIcon;
				ASSETCATALOG_COMPILER_GLOBAL_ACCENT_COLOR_NAME = AccentColor;
				CODE_SIGN_STYLE = Automatic;
				DEVELOPMENT_ASSET_PATHS = "\"ToolBarExample/Preview Content\"";
				ENABLE_PREVIEWS = YES;
				INFOPLIST_FILE = ToolBarExample/Info.plist;
				IPHONEOS_DEPLOYMENT_TARGET = 14.0;
				LD_RUNPATH_SEARCH_PATHS = (
					"$(inherited)",
					"@executable_path/Frameworks",
				);
				PRODUCT_BUNDLE_IDENTIFIER = Leadconsultant.ToolBarExample;
				PRODUCT_NAME = "$(TARGET_NAME)";
				SWIFT_VERSION = 5.0;
				TARGETED_DEVICE_FAMILY = "1,2";
			};
			name = Release;
		};
		BC820362258EA18400458E6B /* Debug */ = {
			isa = XCBuildConfiguration;
			buildSettings = {
				ALWAYS_EMBED_SWIFT_STANDARD_LIBRARIES = YES;
				BUNDLE_LOADER = "$(TEST_HOST)";
				CODE_SIGN_STYLE = Automatic;
				INFOPLIST_FILE = ToolBarExampleTests/Info.plist;
				IPHONEOS_DEPLOYMENT_TARGET = 14.0;
				LD_RUNPATH_SEARCH_PATHS = (
					"$(inherited)",
					"@executable_path/Frameworks",
					"@loader_path/Frameworks",
				);
				PRODUCT_BUNDLE_IDENTIFIER = Leadconsultant.ToolBarExampleTests;
				PRODUCT_NAME = "$(TARGET_NAME)";
				SWIFT_VERSION = 5.0;
				TARGETED_DEVICE_FAMILY = "1,2";
				TEST_HOST = "$(BUILT_PRODUCTS_DIR)/ToolBarExample.app/ToolBarExample";
			};
			name = Debug;
		};
		BC820363258EA18400458E6B /* Release */ = {
			isa = XCBuildConfiguration;
			buildSettings = {
				ALWAYS_EMBED_SWIFT_STANDARD_LIBRARIES = YES;
				BUNDLE_LOADER = "$(TEST_HOST)";
				CODE_SIGN_STYLE = Automatic;
				INFOPLIST_FILE = ToolBarExampleTests/Info.plist;
				IPHONEOS_DEPLOYMENT_TARGET = 14.0;
				LD_RUNPATH_SEARCH_PATHS = (
					"$(inherited)",
					"@executable_path/Frameworks",
					"@loader_path/Frameworks",
				);
				PRODUCT_BUNDLE_IDENTIFIER = Leadconsultant.ToolBarExampleTests;
				PRODUCT_NAME = "$(TARGET_NAME)";
				SWIFT_VERSION = 5.0;
				TARGETED_DEVICE_FAMILY = "1,2";
				TEST_HOST = "$(BUILT_PRODUCTS_DIR)/ToolBarExample.app/ToolBarExample";
			};
			name = Release;
		};
		BC820365258EA18400458E6B /* Debug */ = {
			isa = XCBuildConfiguration;
			buildSettings = {
				ALWAYS_EMBED_SWIFT_STANDARD_LIBRARIES = YES;
				CODE_SIGN_STYLE = Automatic;
				INFOPLIST_FILE = ToolBarExampleUITests/Info.plist;
				LD_RUNPATH_SEARCH_PATHS = (
					"$(inherited)",
					"@executable_path/Frameworks",
					"@loader_path/Frameworks",
				);
				PRODUCT_BUNDLE_IDENTIFIER = Leadconsultant.ToolBarExampleUITests;
				PRODUCT_NAME = "$(TARGET_NAME)";
				SWIFT_VERSION = 5.0;
				TARGETED_DEVICE_FAMILY = "1,2";
				TEST_TARGET_NAME = ToolBarExample;
			};
			name = Debug;
		};
		BC820366258EA18400458E6B /* Release */ = {
			isa = XCBuildConfiguration;
			buildSettings = {
				ALWAYS_EMBED_SWIFT_STANDARD_LIBRARIES = YES;
				CODE_SIGN_STYLE = Automatic;
				INFOPLIST_FILE = ToolBarExampleUITests/Info.plist;
				LD_RUNPATH_SEARCH_PATHS = (
					"$(inherited)",
					"@executable_path/Frameworks",
					"@loader_path/Frameworks",
				);
				PRODUCT_BUNDLE_IDENTIFIER = Leadconsultant.ToolBarExampleUITests;
				PRODUCT_NAME = "$(TARGET_NAME)";
				SWIFT_VERSION = 5.0;
				TARGETED_DEVICE_FAMILY = "1,2";
				TEST_TARGET_NAME = ToolBarExample;
			};
			name = Release;
		};
/* End XCBuildConfiguration section */

/* Begin XCConfigurationList section */
		BC820334258EA18200458E6B /* Build configuration list for PBXProject "ToolBarExample" */ = {
			isa = XCConfigurationList;
			buildConfigurations = (
				BC82035C258EA18400458E6B /* Debug */,
				BC82035D258EA18400458E6B /* Release */,
			);
			defaultConfigurationIsVisible = 0;
			defaultConfigurationName = Release;
		};
		BC82035E258EA18400458E6B /* Build configuration list for PBXNativeTarget "ToolBarExample" */ = {
			isa = XCConfigurationList;
			buildConfigurations = (
				BC82035F258EA18400458E6B /* Debug */,
				BC820360258EA18400458E6B /* Release */,
			);
			defaultConfigurationIsVisible = 0;
			defaultConfigurationName = Release;
		};
		BC820361258EA18400458E6B /* Build configuration list for PBXNativeTarget "ToolBarExampleTests" */ = {
			isa = XCConfigurationList;
			buildConfigurations = (
				BC820362258EA18400458E6B /* Debug */,
				BC820363258EA18400458E6B /* Release */,
			);
			defaultConfigurationIsVisible = 0;
			defaultConfigurationName = Release;
		};
		BC820364258EA18400458E6B /* Build configuration list for PBXNativeTarget "ToolBarExampleUITests" */ = {
			isa = XCConfigurationList;
			buildConfigurations = (
				BC820365258EA18400458E6B /* Debug */,
				BC820366258EA18400458E6B /* Release */,
			);
			defaultConfigurationIsVisible = 0;
			defaultConfigurationName = Release;
		};
/* End XCConfigurationList section */
	};
	rootObject = BC820331258EA18200458E6B /* Project object */;
}
